
Microsoft Visual Studio Solution File, Format Version 12.00
# Visual Studio Version 16
VisualStudioVersion = 16.0.29411.108
MinimumVisualStudioVersion = 10.0.40219.1
Project("{9A19103F-16F7-4668-BE54-9A1E7A4F7556}") = "02. Space Station Recruitment", "02. Space Station Recruitment\02. Space Station Recruitment.csproj", "{B8E90CBE-80F1-4204-ADC4-2D5F2C247C36}"
EndProject
Project("{FAE04EC0-301F-11D3-BF4B-00C04F79EFBC}") = "01. Spaceship Crafting", "01. Spaceship Crafting\01. Spaceship Crafting.csproj", "{06839C34-1FE2-4F88-9B6F-4C37542EB41A}"
EndProject
Project("{FAE04EC0-301F-11D3-BF4B-00C04F79EFBC}") = "03. Space Station Establishment", "03. Space Station Establishment\03. Space Station Establishment.csproj", "{DC98D17D-8A4D-40B8-A451-EBD9E63537A9}"
EndProject
Global
	GlobalSection(SolutionConfigurationPlatforms) = preSolution
		Debug|Any CPU = Debug|Any CPU
		Release|Any CPU = Release|Any CPU
	EndGlobalSection
	GlobalSection(ProjectConfigurationPlatforms) = postSolution
		{B8E90CBE-80F1-4204-ADC4-2D5F2C247C36}.Debug|Any CPU.ActiveCfg = Debug|Any CPU
		{B8E90CBE-80F1-4204-ADC4-2D5F2C247C36}.Debug|Any CPU.Build.0 = Debug|Any CPU
		{B8E90CBE-80F1-4204-ADC4-2D5F2C247C36}.Release|Any CPU.ActiveCfg = Release|Any CPU
		{B8E90CBE-80F1-4204-ADC4-2D5F2C247C36}.Release|Any CPU.Build.0 = Release|Any CPU
		{06839C34-1FE2-4F88-9B6F-4C37542EB41A}.Debug|Any CPU.ActiveCfg = Debug|Any CPU
		{06839C34-1FE2-4F88-9B6F-4C37542EB41A}.Debug|Any CPU.Build.0 = Debug|Any CPU
		{06839C34-1FE2-4F88-9B6F-4C37542EB41A}.Release|Any CPU.ActiveCfg = Release|Any CPU
		{06839C34-1FE2-4F88-9B6F-4C37542EB41A}.Release|Any CPU.Build.0 = Release|Any CPU
		{DC98D17D-8A4D-40B8-A451-EBD9E63537A9}.Debug|Any CPU.ActiveCfg = Debug|Any CPU
		{DC98D17D-8A4D-40B8-A451-EBD9E63537A9}.Debug|Any CPU.Build.0 = Debug|Any CPU
		{DC98D17D-8A4D-40B8-A451-EBD9E63537A9}.Release|Any CPU.ActiveCfg = Release|Any CPU
		{DC98D17D-8A4D-40B8-A451-EBD9E63537A9}.Release|Any CPU.Build.0 = Release|Any CPU
	EndGlobalSection
	GlobalSection(SolutionProperties) = preSolution
		HideSolutionNode = FALSE
	EndGlobalSection
	GlobalSection(ExtensibilityGlobals) = postSolution
		SolutionGuid = {3E8292DA-0C3F-4FAB-BCFD-4CB59D08D5AA}
	EndGlobalSection
EndGlobal
