
Microsoft Visual Studio Solution File, Format Version 12.00
# Visual Studio 15
VisualStudioVersion = 15.0.28307.572
MinimumVisualStudioVersion = 10.0.40219.1
Project("{9A19103F-16F7-4668-BE54-9A1E7A4F7556}") = "01.Party Profit", "01.Party Profit\01.Party Profit.csproj", "{1EC1E57F-0FE0-4D06-AE08-686B38F93AB7}"
EndProject
Project("{9A19103F-16F7-4668-BE54-9A1E7A4F7556}") = "02.Easter Gifts", "02.Easter Gifts\02.Easter Gifts.csproj", "{45633747-58DA-4E82-9FAF-8853199795D2}"
EndProject
Project("{FAE04EC0-301F-11D3-BF4B-00C04F79EFBC}") = "03.Last Stop", "03.Last Stop\03.Last Stop.csproj", "{20E2DE55-5A1D-4DE6-9E4D-6F773864655E}"
EndProject
Global
	GlobalSection(SolutionConfigurationPlatforms) = preSolution
		Debug|Any CPU = Debug|Any CPU
		Release|Any CPU = Release|Any CPU
	EndGlobalSection
	GlobalSection(ProjectConfigurationPlatforms) = postSolution
		{1EC1E57F-0FE0-4D06-AE08-686B38F93AB7}.Debug|Any CPU.ActiveCfg = Debug|Any CPU
		{1EC1E57F-0FE0-4D06-AE08-686B38F93AB7}.Debug|Any CPU.Build.0 = Debug|Any CPU
		{1EC1E57F-0FE0-4D06-AE08-686B38F93AB7}.Release|Any CPU.ActiveCfg = Release|Any CPU
		{1EC1E57F-0FE0-4D06-AE08-686B38F93AB7}.Release|Any CPU.Build.0 = Release|Any CPU
		{45633747-58DA-4E82-9FAF-8853199795D2}.Debug|Any CPU.ActiveCfg = Debug|Any CPU
		{45633747-58DA-4E82-9FAF-8853199795D2}.Debug|Any CPU.Build.0 = Debug|Any CPU
		{45633747-58DA-4E82-9FAF-8853199795D2}.Release|Any CPU.ActiveCfg = Release|Any CPU
		{45633747-58DA-4E82-9FAF-8853199795D2}.Release|Any CPU.Build.0 = Release|Any CPU
		{20E2DE55-5A1D-4DE6-9E4D-6F773864655E}.Debug|Any CPU.ActiveCfg = Debug|Any CPU
		{20E2DE55-5A1D-4DE6-9E4D-6F773864655E}.Debug|Any CPU.Build.0 = Debug|Any CPU
		{20E2DE55-5A1D-4DE6-9E4D-6F773864655E}.Release|Any CPU.ActiveCfg = Release|Any CPU
		{20E2DE55-5A1D-4DE6-9E4D-6F773864655E}.Release|Any CPU.Build.0 = Release|Any CPU
	EndGlobalSection
	GlobalSection(SolutionProperties) = preSolution
		HideSolutionNode = FALSE
	EndGlobalSection
	GlobalSection(ExtensibilityGlobals) = postSolution
		SolutionGuid = {B69034AE-66BE-4E48-BCA7-9D2D7796E815}
	EndGlobalSection
EndGlobal
