
Microsoft Visual Studio Solution File, Format Version 12.00
# Visual Studio 15
VisualStudioVersion = 15.0.28307.438
MinimumVisualStudioVersion = 10.0.40219.1
Project("{FAE04EC0-301F-11D3-BF4B-00C04F79EFBC}") = "greeting", "greeting\greeting.csproj", "{43993459-D80D-444A-860F-1C0EA328B3AA}"
EndProject
Project("{FAE04EC0-301F-11D3-BF4B-00C04F79EFBC}") = "Concatenate-Data", "ConsoleApp1\Concatenate-Data.csproj", "{2903C2CD-6E15-423B-97C2-2EAADF7CD003}"
EndProject
Global
	GlobalSection(SolutionConfigurationPlatforms) = preSolution
		Debug|Any CPU = Debug|Any CPU
		Release|Any CPU = Release|Any CPU
	EndGlobalSection
	GlobalSection(ProjectConfigurationPlatforms) = postSolution
		{43993459-D80D-444A-860F-1C0EA328B3AA}.Debug|Any CPU.ActiveCfg = Debug|Any CPU
		{43993459-D80D-444A-860F-1C0EA328B3AA}.Debug|Any CPU.Build.0 = Debug|Any CPU
		{43993459-D80D-444A-860F-1C0EA328B3AA}.Release|Any CPU.ActiveCfg = Release|Any CPU
		{43993459-D80D-444A-860F-1C0EA328B3AA}.Release|Any CPU.Build.0 = Release|Any CPU
		{2903C2CD-6E15-423B-97C2-2EAADF7CD003}.Debug|Any CPU.ActiveCfg = Debug|Any CPU
		{2903C2CD-6E15-423B-97C2-2EAADF7CD003}.Debug|Any CPU.Build.0 = Debug|Any CPU
		{2903C2CD-6E15-423B-97C2-2EAADF7CD003}.Release|Any CPU.ActiveCfg = Release|Any CPU
		{2903C2CD-6E15-423B-97C2-2EAADF7CD003}.Release|Any CPU.Build.0 = Release|Any CPU
	EndGlobalSection
	GlobalSection(SolutionProperties) = preSolution
		HideSolutionNode = FALSE
	EndGlobalSection
	GlobalSection(ExtensibilityGlobals) = postSolution
		SolutionGuid = {439C7963-8E91-4088-A331-11DEBE2AC262}
	EndGlobalSection
EndGlobal
