
Microsoft Visual Studio Solution File, Format Version 12.00
# Visual Studio Version 16
VisualStudioVersion = 16.0.29411.108
MinimumVisualStudioVersion = 10.0.40219.1
Project("{FAE04EC0-301F-11D3-BF4B-00C04F79EFBC}") = "IteratorsAndComparators", "IteratorsAndComparators\IteratorsAndComparators.csproj", "{F968B1F4-53A2-40F0-BF51-35D760B33EF4}"
EndProject
Global
	GlobalSection(SolutionConfigurationPlatforms) = preSolution
		Debug|Any CPU = Debug|Any CPU
		Release|Any CPU = Release|Any CPU
	EndGlobalSection
	GlobalSection(ProjectConfigurationPlatforms) = postSolution
		{F968B1F4-53A2-40F0-BF51-35D760B33EF4}.Debug|Any CPU.ActiveCfg = Debug|Any CPU
		{F968B1F4-53A2-40F0-BF51-35D760B33EF4}.Debug|Any CPU.Build.0 = Debug|Any CPU
		{F968B1F4-53A2-40F0-BF51-35D760B33EF4}.Release|Any CPU.ActiveCfg = Release|Any CPU
		{F968B1F4-53A2-40F0-BF51-35D760B33EF4}.Release|Any CPU.Build.0 = Release|Any CPU
	EndGlobalSection
	GlobalSection(SolutionProperties) = preSolution
		HideSolutionNode = FALSE
	EndGlobalSection
	GlobalSection(ExtensibilityGlobals) = postSolution
		SolutionGuid = {C8E074CB-5574-44D4-B117-844356A76B30}
	EndGlobalSection
EndGlobal
