
Microsoft Visual Studio Solution File, Format Version 12.00
# Visual Studio Version 16
VisualStudioVersion = 16.0.29306.81
MinimumVisualStudioVersion = 10.0.40219.1
Project("{9A19103F-16F7-4668-BE54-9A1E7A4F7556}") = "01. Sort Even Numbers", "01. Sort Even Numbers\01. Sort Even Numbers.csproj", "{BD54F101-0E06-4604-B9BA-6E2F0B95B26B}"
EndProject
Project("{9A19103F-16F7-4668-BE54-9A1E7A4F7556}") = "02. Sum Numbers", "02. Sum Numbers\02. Sum Numbers.csproj", "{16F16E6F-789E-4F81-834F-7ACFB7D791CA}"
EndProject
Project("{9A19103F-16F7-4668-BE54-9A1E7A4F7556}") = "03. Count Uppercase Words", "03. Count Uppercase Words\03. Count Uppercase Words.csproj", "{27F6612F-BC33-489D-B1A0-15D1E5C91B44}"
EndProject
Project("{9A19103F-16F7-4668-BE54-9A1E7A4F7556}") = "Add VAT", "Add VAT\Add VAT.csproj", "{6CEE922A-2B1A-4421-A9A6-113BB882D973}"
EndProject
Project("{FAE04EC0-301F-11D3-BF4B-00C04F79EFBC}") = "05. Filter By Age", "05. Filter By Age\05. Filter By Age.csproj", "{67E34E74-8B12-4E88-9C06-E51D235BD1B0}"
EndProject
Global
	GlobalSection(SolutionConfigurationPlatforms) = preSolution
		Debug|Any CPU = Debug|Any CPU
		Release|Any CPU = Release|Any CPU
	EndGlobalSection
	GlobalSection(ProjectConfigurationPlatforms) = postSolution
		{BD54F101-0E06-4604-B9BA-6E2F0B95B26B}.Debug|Any CPU.ActiveCfg = Debug|Any CPU
		{BD54F101-0E06-4604-B9BA-6E2F0B95B26B}.Debug|Any CPU.Build.0 = Debug|Any CPU
		{BD54F101-0E06-4604-B9BA-6E2F0B95B26B}.Release|Any CPU.ActiveCfg = Release|Any CPU
		{BD54F101-0E06-4604-B9BA-6E2F0B95B26B}.Release|Any CPU.Build.0 = Release|Any CPU
		{16F16E6F-789E-4F81-834F-7ACFB7D791CA}.Debug|Any CPU.ActiveCfg = Debug|Any CPU
		{16F16E6F-789E-4F81-834F-7ACFB7D791CA}.Debug|Any CPU.Build.0 = Debug|Any CPU
		{16F16E6F-789E-4F81-834F-7ACFB7D791CA}.Release|Any CPU.ActiveCfg = Release|Any CPU
		{16F16E6F-789E-4F81-834F-7ACFB7D791CA}.Release|Any CPU.Build.0 = Release|Any CPU
		{27F6612F-BC33-489D-B1A0-15D1E5C91B44}.Debug|Any CPU.ActiveCfg = Debug|Any CPU
		{27F6612F-BC33-489D-B1A0-15D1E5C91B44}.Debug|Any CPU.Build.0 = Debug|Any CPU
		{27F6612F-BC33-489D-B1A0-15D1E5C91B44}.Release|Any CPU.ActiveCfg = Release|Any CPU
		{27F6612F-BC33-489D-B1A0-15D1E5C91B44}.Release|Any CPU.Build.0 = Release|Any CPU
		{6CEE922A-2B1A-4421-A9A6-113BB882D973}.Debug|Any CPU.ActiveCfg = Debug|Any CPU
		{6CEE922A-2B1A-4421-A9A6-113BB882D973}.Debug|Any CPU.Build.0 = Debug|Any CPU
		{6CEE922A-2B1A-4421-A9A6-113BB882D973}.Release|Any CPU.ActiveCfg = Release|Any CPU
		{6CEE922A-2B1A-4421-A9A6-113BB882D973}.Release|Any CPU.Build.0 = Release|Any CPU
		{67E34E74-8B12-4E88-9C06-E51D235BD1B0}.Debug|Any CPU.ActiveCfg = Debug|Any CPU
		{67E34E74-8B12-4E88-9C06-E51D235BD1B0}.Debug|Any CPU.Build.0 = Debug|Any CPU
		{67E34E74-8B12-4E88-9C06-E51D235BD1B0}.Release|Any CPU.ActiveCfg = Release|Any CPU
		{67E34E74-8B12-4E88-9C06-E51D235BD1B0}.Release|Any CPU.Build.0 = Release|Any CPU
	EndGlobalSection
	GlobalSection(SolutionProperties) = preSolution
		HideSolutionNode = FALSE
	EndGlobalSection
	GlobalSection(ExtensibilityGlobals) = postSolution
		SolutionGuid = {16334434-0F39-41BE-9EB1-049AE00CA4DA}
	EndGlobalSection
EndGlobal
