
Microsoft Visual Studio Solution File, Format Version 12.00
# Visual Studio Version 16
VisualStudioVersion = 16.0.29609.76
MinimumVisualStudioVersion = 10.0.40219.1
Project("{9A19103F-16F7-4668-BE54-9A1E7A4F7556}") = "SpaceStation", "SpaceStation.csproj", "{C89BEC26-F2FE-4CE1-87F6-A0E4D6AB3002}"
EndProject
Global
	GlobalSection(SolutionConfigurationPlatforms) = preSolution
		Debug|Any CPU = Debug|Any CPU
		Release|Any CPU = Release|Any CPU
	EndGlobalSection
	GlobalSection(ProjectConfigurationPlatforms) = postSolution
		{C89BEC26-F2FE-4CE1-87F6-A0E4D6AB3002}.Debug|Any CPU.ActiveCfg = Debug|Any CPU
		{C89BEC26-F2FE-4CE1-87F6-A0E4D6AB3002}.Debug|Any CPU.Build.0 = Debug|Any CPU
		{C89BEC26-F2FE-4CE1-87F6-A0E4D6AB3002}.Release|Any CPU.ActiveCfg = Release|Any CPU
		{C89BEC26-F2FE-4CE1-87F6-A0E4D6AB3002}.Release|Any CPU.Build.0 = Release|Any CPU
	EndGlobalSection
	GlobalSection(SolutionProperties) = preSolution
		HideSolutionNode = FALSE
	EndGlobalSection
	GlobalSection(ExtensibilityGlobals) = postSolution
		SolutionGuid = {B99D9629-28A8-434A-8226-B3F659E34C63}
	EndGlobalSection
EndGlobal
