
Microsoft Visual Studio Solution File, Format Version 12.00
# Visual Studio Version 16
VisualStudioVersion = 16.0.29306.81
MinimumVisualStudioVersion = 10.0.40219.1
Project("{9A19103F-16F7-4668-BE54-9A1E7A4F7556}") = "1. Count Same Values in Array", "1. Count Same Values in Array\1. Count Same Values in Array.csproj", "{C92D1E05-6EE6-4DFA-8A4D-FA8FA625DE15}"
EndProject
Project("{9A19103F-16F7-4668-BE54-9A1E7A4F7556}") = "2. Average Student Grades", "2. Average Student Grades\2. Average Student Grades.csproj", "{1A04FBDE-A25D-45D1-AD31-AD2544EA2F01}"
EndProject
Project("{FAE04EC0-301F-11D3-BF4B-00C04F79EFBC}") = "03. Product Shop", "03. Product Shop\03. Product Shop.csproj", "{75FD5514-C88C-4642-A9AE-5BBC97E73588}"
EndProject
Project("{FAE04EC0-301F-11D3-BF4B-00C04F79EFBC}") = "04. Cities by Continent and Country", "04. Cities by Continent and Country\04. Cities by Continent and Country.csproj", "{05D368DB-4CFB-43A3-BDFF-9CFB202E3C08}"
EndProject
Project("{FAE04EC0-301F-11D3-BF4B-00C04F79EFBC}") = "05. Record Unique Names", "05. Record Unique Names\05. Record Unique Names.csproj", "{335985AF-BE80-4119-B12F-2DCE6A6338C1}"
EndProject
Project("{FAE04EC0-301F-11D3-BF4B-00C04F79EFBC}") = "06. Parking Lot", "06. Parking Lot\06. Parking Lot.csproj", "{C907DB6F-F525-48DC-9B59-FF4B1F7AED53}"
EndProject
Project("{FAE04EC0-301F-11D3-BF4B-00C04F79EFBC}") = "07. SoftUni Party", "07. SoftUni Party\07. SoftUni Party.csproj", "{C66F862C-D2DE-4B1B-B697-BD9C4DC54961}"
EndProject
Global
	GlobalSection(SolutionConfigurationPlatforms) = preSolution
		Debug|Any CPU = Debug|Any CPU
		Release|Any CPU = Release|Any CPU
	EndGlobalSection
	GlobalSection(ProjectConfigurationPlatforms) = postSolution
		{C92D1E05-6EE6-4DFA-8A4D-FA8FA625DE15}.Debug|Any CPU.ActiveCfg = Debug|Any CPU
		{C92D1E05-6EE6-4DFA-8A4D-FA8FA625DE15}.Debug|Any CPU.Build.0 = Debug|Any CPU
		{C92D1E05-6EE6-4DFA-8A4D-FA8FA625DE15}.Release|Any CPU.ActiveCfg = Release|Any CPU
		{C92D1E05-6EE6-4DFA-8A4D-FA8FA625DE15}.Release|Any CPU.Build.0 = Release|Any CPU
		{1A04FBDE-A25D-45D1-AD31-AD2544EA2F01}.Debug|Any CPU.ActiveCfg = Debug|Any CPU
		{1A04FBDE-A25D-45D1-AD31-AD2544EA2F01}.Debug|Any CPU.Build.0 = Debug|Any CPU
		{1A04FBDE-A25D-45D1-AD31-AD2544EA2F01}.Release|Any CPU.ActiveCfg = Release|Any CPU
		{1A04FBDE-A25D-45D1-AD31-AD2544EA2F01}.Release|Any CPU.Build.0 = Release|Any CPU
		{75FD5514-C88C-4642-A9AE-5BBC97E73588}.Debug|Any CPU.ActiveCfg = Debug|Any CPU
		{75FD5514-C88C-4642-A9AE-5BBC97E73588}.Debug|Any CPU.Build.0 = Debug|Any CPU
		{75FD5514-C88C-4642-A9AE-5BBC97E73588}.Release|Any CPU.ActiveCfg = Release|Any CPU
		{75FD5514-C88C-4642-A9AE-5BBC97E73588}.Release|Any CPU.Build.0 = Release|Any CPU
		{05D368DB-4CFB-43A3-BDFF-9CFB202E3C08}.Debug|Any CPU.ActiveCfg = Debug|Any CPU
		{05D368DB-4CFB-43A3-BDFF-9CFB202E3C08}.Debug|Any CPU.Build.0 = Debug|Any CPU
		{05D368DB-4CFB-43A3-BDFF-9CFB202E3C08}.Release|Any CPU.ActiveCfg = Release|Any CPU
		{05D368DB-4CFB-43A3-BDFF-9CFB202E3C08}.Release|Any CPU.Build.0 = Release|Any CPU
		{335985AF-BE80-4119-B12F-2DCE6A6338C1}.Debug|Any CPU.ActiveCfg = Debug|Any CPU
		{335985AF-BE80-4119-B12F-2DCE6A6338C1}.Debug|Any CPU.Build.0 = Debug|Any CPU
		{335985AF-BE80-4119-B12F-2DCE6A6338C1}.Release|Any CPU.ActiveCfg = Release|Any CPU
		{335985AF-BE80-4119-B12F-2DCE6A6338C1}.Release|Any CPU.Build.0 = Release|Any CPU
		{C907DB6F-F525-48DC-9B59-FF4B1F7AED53}.Debug|Any CPU.ActiveCfg = Debug|Any CPU
		{C907DB6F-F525-48DC-9B59-FF4B1F7AED53}.Debug|Any CPU.Build.0 = Debug|Any CPU
		{C907DB6F-F525-48DC-9B59-FF4B1F7AED53}.Release|Any CPU.ActiveCfg = Release|Any CPU
		{C907DB6F-F525-48DC-9B59-FF4B1F7AED53}.Release|Any CPU.Build.0 = Release|Any CPU
		{C66F862C-D2DE-4B1B-B697-BD9C4DC54961}.Debug|Any CPU.ActiveCfg = Debug|Any CPU
		{C66F862C-D2DE-4B1B-B697-BD9C4DC54961}.Debug|Any CPU.Build.0 = Debug|Any CPU
		{C66F862C-D2DE-4B1B-B697-BD9C4DC54961}.Release|Any CPU.ActiveCfg = Release|Any CPU
		{C66F862C-D2DE-4B1B-B697-BD9C4DC54961}.Release|Any CPU.Build.0 = Release|Any CPU
	EndGlobalSection
	GlobalSection(SolutionProperties) = preSolution
		HideSolutionNode = FALSE
	EndGlobalSection
	GlobalSection(ExtensibilityGlobals) = postSolution
		SolutionGuid = {59DE85D8-CA11-4A18-86A8-7205958592BE}
	EndGlobalSection
EndGlobal
