
Microsoft Visual Studio Solution File, Format Version 12.00
# Visual Studio Version 16
VisualStudioVersion = 16.0.29306.81
MinimumVisualStudioVersion = 10.0.40219.1
Project("{9A19103F-16F7-4668-BE54-9A1E7A4F7556}") = "1. Reverse Strings", "1. Reverse Strings\1. Reverse Strings.csproj", "{7B595269-0391-4DEA-B874-446EF9A32203}"
EndProject
Project("{9A19103F-16F7-4668-BE54-9A1E7A4F7556}") = "2. Stack Sum", "2. Stack Sum\2. Stack Sum.csproj", "{1CD27291-8FD0-42A6-913B-A1AE876BFB78}"
EndProject
Project("{9A19103F-16F7-4668-BE54-9A1E7A4F7556}") = "3. Simple Calculator", "3. Simple Calculator\3. Simple Calculator.csproj", "{2C1DEFCF-FFAE-4AE4-90EB-42168366CC13}"
EndProject
Project("{9A19103F-16F7-4668-BE54-9A1E7A4F7556}") = "4. Matching Brackets", "4. Matching Brackets\4. Matching Brackets.csproj", "{11A526E6-D04D-4602-B099-CE9A7C92051D}"
EndProject
Project("{9A19103F-16F7-4668-BE54-9A1E7A4F7556}") = "5. Print Even Numbers", "5. Print Even Numbers\5. Print Even Numbers.csproj", "{1D992443-8924-49F6-BC63-D10CFCA21120}"
EndProject
Project("{FAE04EC0-301F-11D3-BF4B-00C04F79EFBC}") = "7. Hot Potato", "7. Hot Potato\7. Hot Potato.csproj", "{27AB7F37-08EE-4191-8E4B-A133CF955DA2}"
EndProject
Project("{FAE04EC0-301F-11D3-BF4B-00C04F79EFBC}") = "8. Traffic Jam", "8. Traffic Jam\8. Traffic Jam.csproj", "{B6117F0B-EBA5-4E78-9228-3EC2BB1D233B}"
EndProject
Project("{FAE04EC0-301F-11D3-BF4B-00C04F79EFBC}") = "6. Supermarket", "6. Supermarket\6. Supermarket.csproj", "{A7AD4D71-72C7-4562-9B3E-4F60B2ED2578}"
EndProject
Global
	GlobalSection(SolutionConfigurationPlatforms) = preSolution
		Debug|Any CPU = Debug|Any CPU
		Release|Any CPU = Release|Any CPU
	EndGlobalSection
	GlobalSection(ProjectConfigurationPlatforms) = postSolution
		{7B595269-0391-4DEA-B874-446EF9A32203}.Debug|Any CPU.ActiveCfg = Debug|Any CPU
		{7B595269-0391-4DEA-B874-446EF9A32203}.Debug|Any CPU.Build.0 = Debug|Any CPU
		{7B595269-0391-4DEA-B874-446EF9A32203}.Release|Any CPU.ActiveCfg = Release|Any CPU
		{7B595269-0391-4DEA-B874-446EF9A32203}.Release|Any CPU.Build.0 = Release|Any CPU
		{1CD27291-8FD0-42A6-913B-A1AE876BFB78}.Debug|Any CPU.ActiveCfg = Debug|Any CPU
		{1CD27291-8FD0-42A6-913B-A1AE876BFB78}.Debug|Any CPU.Build.0 = Debug|Any CPU
		{1CD27291-8FD0-42A6-913B-A1AE876BFB78}.Release|Any CPU.ActiveCfg = Release|Any CPU
		{1CD27291-8FD0-42A6-913B-A1AE876BFB78}.Release|Any CPU.Build.0 = Release|Any CPU
		{2C1DEFCF-FFAE-4AE4-90EB-42168366CC13}.Debug|Any CPU.ActiveCfg = Debug|Any CPU
		{2C1DEFCF-FFAE-4AE4-90EB-42168366CC13}.Debug|Any CPU.Build.0 = Debug|Any CPU
		{2C1DEFCF-FFAE-4AE4-90EB-42168366CC13}.Release|Any CPU.ActiveCfg = Release|Any CPU
		{2C1DEFCF-FFAE-4AE4-90EB-42168366CC13}.Release|Any CPU.Build.0 = Release|Any CPU
		{11A526E6-D04D-4602-B099-CE9A7C92051D}.Debug|Any CPU.ActiveCfg = Debug|Any CPU
		{11A526E6-D04D-4602-B099-CE9A7C92051D}.Debug|Any CPU.Build.0 = Debug|Any CPU
		{11A526E6-D04D-4602-B099-CE9A7C92051D}.Release|Any CPU.ActiveCfg = Release|Any CPU
		{11A526E6-D04D-4602-B099-CE9A7C92051D}.Release|Any CPU.Build.0 = Release|Any CPU
		{1D992443-8924-49F6-BC63-D10CFCA21120}.Debug|Any CPU.ActiveCfg = Debug|Any CPU
		{1D992443-8924-49F6-BC63-D10CFCA21120}.Debug|Any CPU.Build.0 = Debug|Any CPU
		{1D992443-8924-49F6-BC63-D10CFCA21120}.Release|Any CPU.ActiveCfg = Release|Any CPU
		{1D992443-8924-49F6-BC63-D10CFCA21120}.Release|Any CPU.Build.0 = Release|Any CPU
		{27AB7F37-08EE-4191-8E4B-A133CF955DA2}.Debug|Any CPU.ActiveCfg = Debug|Any CPU
		{27AB7F37-08EE-4191-8E4B-A133CF955DA2}.Debug|Any CPU.Build.0 = Debug|Any CPU
		{27AB7F37-08EE-4191-8E4B-A133CF955DA2}.Release|Any CPU.ActiveCfg = Release|Any CPU
		{27AB7F37-08EE-4191-8E4B-A133CF955DA2}.Release|Any CPU.Build.0 = Release|Any CPU
		{B6117F0B-EBA5-4E78-9228-3EC2BB1D233B}.Debug|Any CPU.ActiveCfg = Debug|Any CPU
		{B6117F0B-EBA5-4E78-9228-3EC2BB1D233B}.Debug|Any CPU.Build.0 = Debug|Any CPU
		{B6117F0B-EBA5-4E78-9228-3EC2BB1D233B}.Release|Any CPU.ActiveCfg = Release|Any CPU
		{B6117F0B-EBA5-4E78-9228-3EC2BB1D233B}.Release|Any CPU.Build.0 = Release|Any CPU
		{A7AD4D71-72C7-4562-9B3E-4F60B2ED2578}.Debug|Any CPU.ActiveCfg = Debug|Any CPU
		{A7AD4D71-72C7-4562-9B3E-4F60B2ED2578}.Debug|Any CPU.Build.0 = Debug|Any CPU
		{A7AD4D71-72C7-4562-9B3E-4F60B2ED2578}.Release|Any CPU.ActiveCfg = Release|Any CPU
		{A7AD4D71-72C7-4562-9B3E-4F60B2ED2578}.Release|Any CPU.Build.0 = Release|Any CPU
	EndGlobalSection
	GlobalSection(SolutionProperties) = preSolution
		HideSolutionNode = FALSE
	EndGlobalSection
	GlobalSection(ExtensibilityGlobals) = postSolution
		SolutionGuid = {3CA1DB48-8C63-4779-AFFB-8F65ABF88570}
	EndGlobalSection
EndGlobal
