
Microsoft Visual Studio Solution File, Format Version 12.00
# Visual Studio Version 16
VisualStudioVersion = 16.0.29411.108
MinimumVisualStudioVersion = 10.0.40219.1
Project("{FAE04EC0-301F-11D3-BF4B-00C04F79EFBC}") = "04HotelReservation", "04HotelReservation\04HotelReservation.csproj", "{60889613-61D9-4A6F-A2EB-9B288BD2E091}"
EndProject
Global
	GlobalSection(SolutionConfigurationPlatforms) = preSolution
		Debug|Any CPU = Debug|Any CPU
		Release|Any CPU = Release|Any CPU
	EndGlobalSection
	GlobalSection(ProjectConfigurationPlatforms) = postSolution
		{60889613-61D9-4A6F-A2EB-9B288BD2E091}.Debug|Any CPU.ActiveCfg = Debug|Any CPU
		{60889613-61D9-4A6F-A2EB-9B288BD2E091}.Debug|Any CPU.Build.0 = Debug|Any CPU
		{60889613-61D9-4A6F-A2EB-9B288BD2E091}.Release|Any CPU.ActiveCfg = Release|Any CPU
		{60889613-61D9-4A6F-A2EB-9B288BD2E091}.Release|Any CPU.Build.0 = Release|Any CPU
	EndGlobalSection
	GlobalSection(SolutionProperties) = preSolution
		HideSolutionNode = FALSE
	EndGlobalSection
	GlobalSection(ExtensibilityGlobals) = postSolution
		SolutionGuid = {DC036664-9EA5-4396-A38A-AB90F94F97AD}
	EndGlobalSection
EndGlobal
