
Microsoft Visual Studio Solution File, Format Version 12.00
# Visual Studio 15
VisualStudioVersion = 15.0.28307.572
MinimumVisualStudioVersion = 10.0.40219.1
Project("{FAE04EC0-301F-11D3-BF4B-00C04F79EFBC}") = "01. Sort Numbers", "01. Sort Numbers\01. Sort Numbers.csproj", "{93EF0B9A-2DD1-4263-8217-E0A7D068FBB1}"
EndProject
Project("{FAE04EC0-301F-11D3-BF4B-00C04F79EFBC}") = "02. English Name of the Last Digit", "02. English Name of the Last Digit\02. English Name of the Last Digit.csproj", "{C7BA2B35-FA80-4AFE-B022-A16B003001F5}"
EndProject
Project("{FAE04EC0-301F-11D3-BF4B-00C04F79EFBC}") = "03. Gaming Store", "03. Gaming Store\03. Gaming Store.csproj", "{2486154D-7899-49F9-A7AC-93E71A83497A}"
EndProject
Project("{FAE04EC0-301F-11D3-BF4B-00C04F79EFBC}") = "04. Reverse String", "04. Reverse String\04. Reverse String.csproj", "{A70D2C75-8802-48F4-B961-B919D422551D}"
EndProject
Project("{FAE04EC0-301F-11D3-BF4B-00C04F79EFBC}") = "05. Messages", "05. Messages\05. Messages.csproj", "{32D7845B-D4DA-44FA-BDF6-39A47B30886A}"
EndProject
Global
	GlobalSection(SolutionConfigurationPlatforms) = preSolution
		Debug|Any CPU = Debug|Any CPU
		Release|Any CPU = Release|Any CPU
	EndGlobalSection
	GlobalSection(ProjectConfigurationPlatforms) = postSolution
		{93EF0B9A-2DD1-4263-8217-E0A7D068FBB1}.Debug|Any CPU.ActiveCfg = Debug|Any CPU
		{93EF0B9A-2DD1-4263-8217-E0A7D068FBB1}.Debug|Any CPU.Build.0 = Debug|Any CPU
		{93EF0B9A-2DD1-4263-8217-E0A7D068FBB1}.Release|Any CPU.ActiveCfg = Release|Any CPU
		{93EF0B9A-2DD1-4263-8217-E0A7D068FBB1}.Release|Any CPU.Build.0 = Release|Any CPU
		{C7BA2B35-FA80-4AFE-B022-A16B003001F5}.Debug|Any CPU.ActiveCfg = Debug|Any CPU
		{C7BA2B35-FA80-4AFE-B022-A16B003001F5}.Debug|Any CPU.Build.0 = Debug|Any CPU
		{C7BA2B35-FA80-4AFE-B022-A16B003001F5}.Release|Any CPU.ActiveCfg = Release|Any CPU
		{C7BA2B35-FA80-4AFE-B022-A16B003001F5}.Release|Any CPU.Build.0 = Release|Any CPU
		{2486154D-7899-49F9-A7AC-93E71A83497A}.Debug|Any CPU.ActiveCfg = Debug|Any CPU
		{2486154D-7899-49F9-A7AC-93E71A83497A}.Debug|Any CPU.Build.0 = Debug|Any CPU
		{2486154D-7899-49F9-A7AC-93E71A83497A}.Release|Any CPU.ActiveCfg = Release|Any CPU
		{2486154D-7899-49F9-A7AC-93E71A83497A}.Release|Any CPU.Build.0 = Release|Any CPU
		{A70D2C75-8802-48F4-B961-B919D422551D}.Debug|Any CPU.ActiveCfg = Debug|Any CPU
		{A70D2C75-8802-48F4-B961-B919D422551D}.Debug|Any CPU.Build.0 = Debug|Any CPU
		{A70D2C75-8802-48F4-B961-B919D422551D}.Release|Any CPU.ActiveCfg = Release|Any CPU
		{A70D2C75-8802-48F4-B961-B919D422551D}.Release|Any CPU.Build.0 = Release|Any CPU
		{32D7845B-D4DA-44FA-BDF6-39A47B30886A}.Debug|Any CPU.ActiveCfg = Debug|Any CPU
		{32D7845B-D4DA-44FA-BDF6-39A47B30886A}.Debug|Any CPU.Build.0 = Debug|Any CPU
		{32D7845B-D4DA-44FA-BDF6-39A47B30886A}.Release|Any CPU.ActiveCfg = Release|Any CPU
		{32D7845B-D4DA-44FA-BDF6-39A47B30886A}.Release|Any CPU.Build.0 = Release|Any CPU
	EndGlobalSection
	GlobalSection(SolutionProperties) = preSolution
		HideSolutionNode = FALSE
	EndGlobalSection
	GlobalSection(ExtensibilityGlobals) = postSolution
		SolutionGuid = {5E3914F5-435C-4D8B-9A58-10F2CBD84444}
	EndGlobalSection
EndGlobal
