
Microsoft Visual Studio Solution File, Format Version 12.00
# Visual Studio 15
VisualStudioVersion = 15.0.28307.572
MinimumVisualStudioVersion = 10.0.40219.1
Project("{FAE04EC0-301F-11D3-BF4B-00C04F79EFBC}") = "01. Christmas Sweets", "01. Christmas Sweets\01. Christmas Sweets.csproj", "{34F10155-6C1F-46DB-B120-058CF4A99F5E}"
EndProject
Global
	GlobalSection(SolutionConfigurationPlatforms) = preSolution
		Debug|Any CPU = Debug|Any CPU
		Release|Any CPU = Release|Any CPU
	EndGlobalSection
	GlobalSection(ProjectConfigurationPlatforms) = postSolution
		{34F10155-6C1F-46DB-B120-058CF4A99F5E}.Debug|Any CPU.ActiveCfg = Debug|Any CPU
		{34F10155-6C1F-46DB-B120-058CF4A99F5E}.Debug|Any CPU.Build.0 = Debug|Any CPU
		{34F10155-6C1F-46DB-B120-058CF4A99F5E}.Release|Any CPU.ActiveCfg = Release|Any CPU
		{34F10155-6C1F-46DB-B120-058CF4A99F5E}.Release|Any CPU.Build.0 = Release|Any CPU
	EndGlobalSection
	GlobalSection(SolutionProperties) = preSolution
		HideSolutionNode = FALSE
	EndGlobalSection
	GlobalSection(ExtensibilityGlobals) = postSolution
		SolutionGuid = {2602B847-E87C-4460-AF62-D36F2F92C7F1}
	EndGlobalSection
EndGlobal
