
Microsoft Visual Studio Solution File, Format Version 12.00
# Visual Studio Version 16
VisualStudioVersion = 16.0.29503.13
MinimumVisualStudioVersion = 10.0.40219.1
Project("{FAE04EC0-301F-11D3-BF4B-00C04F79EFBC}") = "example1", "example1\example1.csproj", "{CF778C8B-62AA-465E-A190-8431C0DC90F5}"
EndProject
Global
	GlobalSection(SolutionConfigurationPlatforms) = preSolution
		Debug|Any CPU = Debug|Any CPU
		Release|Any CPU = Release|Any CPU
	EndGlobalSection
	GlobalSection(ProjectConfigurationPlatforms) = postSolution
		{CF778C8B-62AA-465E-A190-8431C0DC90F5}.Debug|Any CPU.ActiveCfg = Debug|Any CPU
		{CF778C8B-62AA-465E-A190-8431C0DC90F5}.Debug|Any CPU.Build.0 = Debug|Any CPU
		{CF778C8B-62AA-465E-A190-8431C0DC90F5}.Release|Any CPU.ActiveCfg = Release|Any CPU
		{CF778C8B-62AA-465E-A190-8431C0DC90F5}.Release|Any CPU.Build.0 = Release|Any CPU
	EndGlobalSection
	GlobalSection(SolutionProperties) = preSolution
		HideSolutionNode = FALSE
	EndGlobalSection
	GlobalSection(ExtensibilityGlobals) = postSolution
		SolutionGuid = {689DA987-431D-4EE4-8EBD-663F059578BB}
	EndGlobalSection
EndGlobal
