
Microsoft Visual Studio Solution File, Format Version 12.00
# Visual Studio 15
VisualStudioVersion = 15.0.28307.438
MinimumVisualStudioVersion = 10.0.40219.1
Project("{FAE04EC0-301F-11D3-BF4B-00C04F79EFBC}") = "07.Alcohol Market", "07.Alcohol Market\07.Alcohol Market.csproj", "{F31F56F6-EF90-4002-BD71-3633C0E31212}"
EndProject
Global
	GlobalSection(SolutionConfigurationPlatforms) = preSolution
		Debug|Any CPU = Debug|Any CPU
		Release|Any CPU = Release|Any CPU
	EndGlobalSection
	GlobalSection(ProjectConfigurationPlatforms) = postSolution
		{F31F56F6-EF90-4002-BD71-3633C0E31212}.Debug|Any CPU.ActiveCfg = Debug|Any CPU
		{F31F56F6-EF90-4002-BD71-3633C0E31212}.Debug|Any CPU.Build.0 = Debug|Any CPU
		{F31F56F6-EF90-4002-BD71-3633C0E31212}.Release|Any CPU.ActiveCfg = Release|Any CPU
		{F31F56F6-EF90-4002-BD71-3633C0E31212}.Release|Any CPU.Build.0 = Release|Any CPU
	EndGlobalSection
	GlobalSection(SolutionProperties) = preSolution
		HideSolutionNode = FALSE
	EndGlobalSection
	GlobalSection(ExtensibilityGlobals) = postSolution
		SolutionGuid = {24DB03D7-DE85-485C-9F6E-D8FD441130F9}
	EndGlobalSection
EndGlobal
