
Microsoft Visual Studio Solution File, Format Version 12.00
# Visual Studio 15
VisualStudioVersion = 15.0.28307.572
MinimumVisualStudioVersion = 10.0.40219.1
Project("{9A19103F-16F7-4668-BE54-9A1E7A4F7556}") = "01.TheIsleManTTRace", "01.TheIsleManTTRace\01.TheIsleManTTRace.csproj", "{6EBE9E05-3754-4AEB-928C-7CD4A09D0782}"
EndProject
Project("{9A19103F-16F7-4668-BE54-9A1E7A4F7556}") = "02.PracticeSessions", "02.PracticeSessions\02.PracticeSessions.csproj", "{63ED002F-BDD3-481C-A94B-77E01BBBC4CB}"
EndProject
Project("{FAE04EC0-301F-11D3-BF4B-00C04F79EFBC}") = "03.TheIsleManTTRace", "03.TheIsleManTTRace\03.TheIsleManTTRace.csproj", "{C2042615-0CA5-4B1C-A648-2D56291E3C43}"
EndProject
Global
	GlobalSection(SolutionConfigurationPlatforms) = preSolution
		Debug|Any CPU = Debug|Any CPU
		Release|Any CPU = Release|Any CPU
	EndGlobalSection
	GlobalSection(ProjectConfigurationPlatforms) = postSolution
		{6EBE9E05-3754-4AEB-928C-7CD4A09D0782}.Debug|Any CPU.ActiveCfg = Debug|Any CPU
		{6EBE9E05-3754-4AEB-928C-7CD4A09D0782}.Debug|Any CPU.Build.0 = Debug|Any CPU
		{6EBE9E05-3754-4AEB-928C-7CD4A09D0782}.Release|Any CPU.ActiveCfg = Release|Any CPU
		{6EBE9E05-3754-4AEB-928C-7CD4A09D0782}.Release|Any CPU.Build.0 = Release|Any CPU
		{63ED002F-BDD3-481C-A94B-77E01BBBC4CB}.Debug|Any CPU.ActiveCfg = Debug|Any CPU
		{63ED002F-BDD3-481C-A94B-77E01BBBC4CB}.Debug|Any CPU.Build.0 = Debug|Any CPU
		{63ED002F-BDD3-481C-A94B-77E01BBBC4CB}.Release|Any CPU.ActiveCfg = Release|Any CPU
		{63ED002F-BDD3-481C-A94B-77E01BBBC4CB}.Release|Any CPU.Build.0 = Release|Any CPU
		{C2042615-0CA5-4B1C-A648-2D56291E3C43}.Debug|Any CPU.ActiveCfg = Debug|Any CPU
		{C2042615-0CA5-4B1C-A648-2D56291E3C43}.Debug|Any CPU.Build.0 = Debug|Any CPU
		{C2042615-0CA5-4B1C-A648-2D56291E3C43}.Release|Any CPU.ActiveCfg = Release|Any CPU
		{C2042615-0CA5-4B1C-A648-2D56291E3C43}.Release|Any CPU.Build.0 = Release|Any CPU
	EndGlobalSection
	GlobalSection(SolutionProperties) = preSolution
		HideSolutionNode = FALSE
	EndGlobalSection
	GlobalSection(ExtensibilityGlobals) = postSolution
		SolutionGuid = {19ED1C27-0762-4113-8A15-DA7555470777}
	EndGlobalSection
EndGlobal
