
Microsoft Visual Studio Solution File, Format Version 12.00
# Visual Studio Version 16
VisualStudioVersion = 16.0.29409.12
MinimumVisualStudioVersion = 10.0.40219.1
Project("{FAE04EC0-301F-11D3-BF4B-00C04F79EFBC}") = "02SeashellTreasure", "02SeashellTreasure\02SeashellTreasure.csproj", "{EED42E81-10A3-4852-BB33-A69389CC611C}"
EndProject
Global
	GlobalSection(SolutionConfigurationPlatforms) = preSolution
		Debug|Any CPU = Debug|Any CPU
		Release|Any CPU = Release|Any CPU
	EndGlobalSection
	GlobalSection(ProjectConfigurationPlatforms) = postSolution
		{EED42E81-10A3-4852-BB33-A69389CC611C}.Debug|Any CPU.ActiveCfg = Debug|Any CPU
		{EED42E81-10A3-4852-BB33-A69389CC611C}.Debug|Any CPU.Build.0 = Debug|Any CPU
		{EED42E81-10A3-4852-BB33-A69389CC611C}.Release|Any CPU.ActiveCfg = Release|Any CPU
		{EED42E81-10A3-4852-BB33-A69389CC611C}.Release|Any CPU.Build.0 = Release|Any CPU
	EndGlobalSection
	GlobalSection(SolutionProperties) = preSolution
		HideSolutionNode = FALSE
	EndGlobalSection
	GlobalSection(ExtensibilityGlobals) = postSolution
		SolutionGuid = {E51AB70C-2C84-4374-9802-95C9247090A8}
	EndGlobalSection
EndGlobal
