
Microsoft Visual Studio Solution File, Format Version 12.00
# Visual Studio Version 16
VisualStudioVersion = 16.0.30204.135
MinimumVisualStudioVersion = 10.0.40219.1
Project("{8BC9CEB8-8B4A-11D0-8D11-00A0C91BC942}") = "01_Compare Arrays Again", "Compare Arrays Again\Compare Arrays Again.vcxproj", "{F3C51163-9886-4ECC-B914-1A2353BE424B}"
EndProject
Project("{8BC9CEB8-8B4A-11D0-8D11-00A0C91BC942}") = "02_MathematicalExpression", "02_MathematicalExpression\02_MathematicalExpression.vcxproj", "{4F57C3D2-B6E8-44F9-A4CA-CB902B988B6E}"
EndProject
Project("{8BC9CEB8-8B4A-11D0-8D11-00A0C91BC942}") = "03_TitleCase", "03_TitleCase\03_TitleCase.vcxproj", "{B4896A7A-D63F-4B39-943E-A6ADE6BA92D5}"
EndProject
Project("{8BC9CEB8-8B4A-11D0-8D11-00A0C91BC942}") = "04_ReplaceAll", "04_ReplaceAll\04_ReplaceAll.vcxproj", "{5B184174-3E61-403B-AE6C-B38DE7F81547}"
EndProject
Project("{8BC9CEB8-8B4A-11D0-8D11-00A0C91BC942}") = "05_InvalidInput", "05_InvalidInput\05_InvalidInput.vcxproj", "{7CA07755-9D0C-4844-9D44-3E7DA5BE27ED}"
EndProject
Project("{8BC9CEB8-8B4A-11D0-8D11-00A0C91BC942}") = "06_TheSignalAndTheNiise", "06_TheSignalAndTheNiise\06_TheSignalAndTheNiise.vcxproj", "{13DEFCD6-7C22-4A49-BBDC-07557336B6CD}"
EndProject
Project("{8BC9CEB8-8B4A-11D0-8D11-00A0C91BC942}") = "07_TheNoiseAndTheSignal", "07_TheNoiseAndTheSignal\07_TheNoiseAndTheSignal.vcxproj", "{8B78F2D3-2E51-49B2-9C88-947E2B570BC8}"
EndProject
Global
	GlobalSection(SolutionConfigurationPlatforms) = preSolution
		Debug|x64 = Debug|x64
		Debug|x86 = Debug|x86
		Release|x64 = Release|x64
		Release|x86 = Release|x86
	EndGlobalSection
	GlobalSection(ProjectConfigurationPlatforms) = postSolution
		{F3C51163-9886-4ECC-B914-1A2353BE424B}.Debug|x64.ActiveCfg = Debug|x64
		{F3C51163-9886-4ECC-B914-1A2353BE424B}.Debug|x64.Build.0 = Debug|x64
		{F3C51163-9886-4ECC-B914-1A2353BE424B}.Debug|x86.ActiveCfg = Debug|Win32
		{F3C51163-9886-4ECC-B914-1A2353BE424B}.Debug|x86.Build.0 = Debug|Win32
		{F3C51163-9886-4ECC-B914-1A2353BE424B}.Release|x64.ActiveCfg = Release|x64
		{F3C51163-9886-4ECC-B914-1A2353BE424B}.Release|x64.Build.0 = Release|x64
		{F3C51163-9886-4ECC-B914-1A2353BE424B}.Release|x86.ActiveCfg = Release|Win32
		{F3C51163-9886-4ECC-B914-1A2353BE424B}.Release|x86.Build.0 = Release|Win32
		{4F57C3D2-B6E8-44F9-A4CA-CB902B988B6E}.Debug|x64.ActiveCfg = Debug|x64
		{4F57C3D2-B6E8-44F9-A4CA-CB902B988B6E}.Debug|x64.Build.0 = Debug|x64
		{4F57C3D2-B6E8-44F9-A4CA-CB902B988B6E}.Debug|x86.ActiveCfg = Debug|Win32
		{4F57C3D2-B6E8-44F9-A4CA-CB902B988B6E}.Debug|x86.Build.0 = Debug|Win32
		{4F57C3D2-B6E8-44F9-A4CA-CB902B988B6E}.Release|x64.ActiveCfg = Release|x64
		{4F57C3D2-B6E8-44F9-A4CA-CB902B988B6E}.Release|x64.Build.0 = Release|x64
		{4F57C3D2-B6E8-44F9-A4CA-CB902B988B6E}.Release|x86.ActiveCfg = Release|Win32
		{4F57C3D2-B6E8-44F9-A4CA-CB902B988B6E}.Release|x86.Build.0 = Release|Win32
		{B4896A7A-D63F-4B39-943E-A6ADE6BA92D5}.Debug|x64.ActiveCfg = Debug|x64
		{B4896A7A-D63F-4B39-943E-A6ADE6BA92D5}.Debug|x64.Build.0 = Debug|x64
		{B4896A7A-D63F-4B39-943E-A6ADE6BA92D5}.Debug|x86.ActiveCfg = Debug|Win32
		{B4896A7A-D63F-4B39-943E-A6ADE6BA92D5}.Debug|x86.Build.0 = Debug|Win32
		{B4896A7A-D63F-4B39-943E-A6ADE6BA92D5}.Release|x64.ActiveCfg = Release|x64
		{B4896A7A-D63F-4B39-943E-A6ADE6BA92D5}.Release|x64.Build.0 = Release|x64
		{B4896A7A-D63F-4B39-943E-A6ADE6BA92D5}.Release|x86.ActiveCfg = Release|Win32
		{B4896A7A-D63F-4B39-943E-A6ADE6BA92D5}.Release|x86.Build.0 = Release|Win32
		{5B184174-3E61-403B-AE6C-B38DE7F81547}.Debug|x64.ActiveCfg = Debug|x64
		{5B184174-3E61-403B-AE6C-B38DE7F81547}.Debug|x64.Build.0 = Debug|x64
		{5B184174-3E61-403B-AE6C-B38DE7F81547}.Debug|x86.ActiveCfg = Debug|Win32
		{5B184174-3E61-403B-AE6C-B38DE7F81547}.Debug|x86.Build.0 = Debug|Win32
		{5B184174-3E61-403B-AE6C-B38DE7F81547}.Release|x64.ActiveCfg = Release|x64
		{5B184174-3E61-403B-AE6C-B38DE7F81547}.Release|x64.Build.0 = Release|x64
		{5B184174-3E61-403B-AE6C-B38DE7F81547}.Release|x86.ActiveCfg = Release|Win32
		{5B184174-3E61-403B-AE6C-B38DE7F81547}.Release|x86.Build.0 = Release|Win32
		{7CA07755-9D0C-4844-9D44-3E7DA5BE27ED}.Debug|x64.ActiveCfg = Debug|x64
		{7CA07755-9D0C-4844-9D44-3E7DA5BE27ED}.Debug|x64.Build.0 = Debug|x64
		{7CA07755-9D0C-4844-9D44-3E7DA5BE27ED}.Debug|x86.ActiveCfg = Debug|Win32
		{7CA07755-9D0C-4844-9D44-3E7DA5BE27ED}.Debug|x86.Build.0 = Debug|Win32
		{7CA07755-9D0C-4844-9D44-3E7DA5BE27ED}.Release|x64.ActiveCfg = Release|x64
		{7CA07755-9D0C-4844-9D44-3E7DA5BE27ED}.Release|x64.Build.0 = Release|x64
		{7CA07755-9D0C-4844-9D44-3E7DA5BE27ED}.Release|x86.ActiveCfg = Release|Win32
		{7CA07755-9D0C-4844-9D44-3E7DA5BE27ED}.Release|x86.Build.0 = Release|Win32
		{13DEFCD6-7C22-4A49-BBDC-07557336B6CD}.Debug|x64.ActiveCfg = Debug|x64
		{13DEFCD6-7C22-4A49-BBDC-07557336B6CD}.Debug|x64.Build.0 = Debug|x64
		{13DEFCD6-7C22-4A49-BBDC-07557336B6CD}.Debug|x86.ActiveCfg = Debug|Win32
		{13DEFCD6-7C22-4A49-BBDC-07557336B6CD}.Debug|x86.Build.0 = Debug|Win32
		{13DEFCD6-7C22-4A49-BBDC-07557336B6CD}.Release|x64.ActiveCfg = Release|x64
		{13DEFCD6-7C22-4A49-BBDC-07557336B6CD}.Release|x64.Build.0 = Release|x64
		{13DEFCD6-7C22-4A49-BBDC-07557336B6CD}.Release|x86.ActiveCfg = Release|Win32
		{13DEFCD6-7C22-4A49-BBDC-07557336B6CD}.Release|x86.Build.0 = Release|Win32
		{8B78F2D3-2E51-49B2-9C88-947E2B570BC8}.Debug|x64.ActiveCfg = Debug|x64
		{8B78F2D3-2E51-49B2-9C88-947E2B570BC8}.Debug|x64.Build.0 = Debug|x64
		{8B78F2D3-2E51-49B2-9C88-947E2B570BC8}.Debug|x86.ActiveCfg = Debug|Win32
		{8B78F2D3-2E51-49B2-9C88-947E2B570BC8}.Debug|x86.Build.0 = Debug|Win32
		{8B78F2D3-2E51-49B2-9C88-947E2B570BC8}.Release|x64.ActiveCfg = Release|x64
		{8B78F2D3-2E51-49B2-9C88-947E2B570BC8}.Release|x64.Build.0 = Release|x64
		{8B78F2D3-2E51-49B2-9C88-947E2B570BC8}.Release|x86.ActiveCfg = Release|Win32
		{8B78F2D3-2E51-49B2-9C88-947E2B570BC8}.Release|x86.Build.0 = Release|Win32
	EndGlobalSection
	GlobalSection(SolutionProperties) = preSolution
		HideSolutionNode = FALSE
	EndGlobalSection
	GlobalSection(ExtensibilityGlobals) = postSolution
		SolutionGuid = {6EA2B956-DA95-4C06-A174-A737CBA7C79C}
	EndGlobalSection
EndGlobal
