
Microsoft Visual Studio Solution File, Format Version 12.00
# Visual Studio Version 16
VisualStudioVersion = 16.0.29411.108
MinimumVisualStudioVersion = 10.0.40219.1
Project("{FAE04EC0-301F-11D3-BF4B-00C04F79EFBC}") = "01. The Garden", "01. The Garden\01. The Garden.csproj", "{C318F421-65CA-4B97-B2C1-D4BC4FF3233A}"
EndProject
Project("{FAE04EC0-301F-11D3-BF4B-00C04F79EFBC}") = "02. Make a Salad", "02. Make a Salad\02. Make a Salad.csproj", "{3AE48497-7FD8-45C0-8FD7-D3A29FE4AB27}"
EndProject
Global
	GlobalSection(SolutionConfigurationPlatforms) = preSolution
		Debug|Any CPU = Debug|Any CPU
		Release|Any CPU = Release|Any CPU
	EndGlobalSection
	GlobalSection(ProjectConfigurationPlatforms) = postSolution
		{C318F421-65CA-4B97-B2C1-D4BC4FF3233A}.Debug|Any CPU.ActiveCfg = Debug|Any CPU
		{C318F421-65CA-4B97-B2C1-D4BC4FF3233A}.Debug|Any CPU.Build.0 = Debug|Any CPU
		{C318F421-65CA-4B97-B2C1-D4BC4FF3233A}.Release|Any CPU.ActiveCfg = Release|Any CPU
		{C318F421-65CA-4B97-B2C1-D4BC4FF3233A}.Release|Any CPU.Build.0 = Release|Any CPU
		{3AE48497-7FD8-45C0-8FD7-D3A29FE4AB27}.Debug|Any CPU.ActiveCfg = Debug|Any CPU
		{3AE48497-7FD8-45C0-8FD7-D3A29FE4AB27}.Debug|Any CPU.Build.0 = Debug|Any CPU
		{3AE48497-7FD8-45C0-8FD7-D3A29FE4AB27}.Release|Any CPU.ActiveCfg = Release|Any CPU
		{3AE48497-7FD8-45C0-8FD7-D3A29FE4AB27}.Release|Any CPU.Build.0 = Release|Any CPU
	EndGlobalSection
	GlobalSection(SolutionProperties) = preSolution
		HideSolutionNode = FALSE
	EndGlobalSection
	GlobalSection(ExtensibilityGlobals) = postSolution
		SolutionGuid = {9A875CF8-8F7A-4F6B-96BC-9F04E1DF6105}
	EndGlobalSection
EndGlobal
