
Microsoft Visual Studio Solution File, Format Version 12.00
# Visual Studio 15
VisualStudioVersion = 15.0.28307.572
MinimumVisualStudioVersion = 10.0.40219.1
Project("{FAE04EC0-301F-11D3-BF4B-00C04F79EFBC}") = "01.VaporWin", "01.VaporWin\01.VaporWin.csproj", "{A1E13611-5CA0-472C-B4C8-767E3B6E0B88}"
EndProject
Project("{FAE04EC0-301F-11D3-BF4B-00C04F79EFBC}") = "02.Activ.key", "02.Activ.key\02.Activ.key.csproj", "{73AAB19E-3F9D-4A8B-8B19-2582565A891E}"
EndProject
Global
	GlobalSection(SolutionConfigurationPlatforms) = preSolution
		Debug|Any CPU = Debug|Any CPU
		Release|Any CPU = Release|Any CPU
	EndGlobalSection
	GlobalSection(ProjectConfigurationPlatforms) = postSolution
		{A1E13611-5CA0-472C-B4C8-767E3B6E0B88}.Debug|Any CPU.ActiveCfg = Debug|Any CPU
		{A1E13611-5CA0-472C-B4C8-767E3B6E0B88}.Debug|Any CPU.Build.0 = Debug|Any CPU
		{A1E13611-5CA0-472C-B4C8-767E3B6E0B88}.Release|Any CPU.ActiveCfg = Release|Any CPU
		{A1E13611-5CA0-472C-B4C8-767E3B6E0B88}.Release|Any CPU.Build.0 = Release|Any CPU
		{73AAB19E-3F9D-4A8B-8B19-2582565A891E}.Debug|Any CPU.ActiveCfg = Debug|Any CPU
		{73AAB19E-3F9D-4A8B-8B19-2582565A891E}.Debug|Any CPU.Build.0 = Debug|Any CPU
		{73AAB19E-3F9D-4A8B-8B19-2582565A891E}.Release|Any CPU.ActiveCfg = Release|Any CPU
		{73AAB19E-3F9D-4A8B-8B19-2582565A891E}.Release|Any CPU.Build.0 = Release|Any CPU
	EndGlobalSection
	GlobalSection(SolutionProperties) = preSolution
		HideSolutionNode = FALSE
	EndGlobalSection
	GlobalSection(ExtensibilityGlobals) = postSolution
		SolutionGuid = {D144E6C4-3812-44EE-8C4B-C78ECE01AE63}
	EndGlobalSection
EndGlobal
