
Microsoft Visual Studio Solution File, Format Version 12.00
# Visual Studio 15
VisualStudioVersion = 15.0.28307.572
MinimumVisualStudioVersion = 10.0.40219.1
Project("{FAE04EC0-301F-11D3-BF4B-00C04F79EFBC}") = "WebApp", "WebApp\WebApp.csproj", "{0F0937CE-00B6-461B-9A45-F34F9F94F73B}"
EndProject
Global
	GlobalSection(SolutionConfigurationPlatforms) = preSolution
		Debug|Any CPU = Debug|Any CPU
		Release|Any CPU = Release|Any CPU
	EndGlobalSection
	GlobalSection(ProjectConfigurationPlatforms) = postSolution
		{0F0937CE-00B6-461B-9A45-F34F9F94F73B}.Debug|Any CPU.ActiveCfg = Debug|Any CPU
		{0F0937CE-00B6-461B-9A45-F34F9F94F73B}.Debug|Any CPU.Build.0 = Debug|Any CPU
		{0F0937CE-00B6-461B-9A45-F34F9F94F73B}.Release|Any CPU.ActiveCfg = Release|Any CPU
		{0F0937CE-00B6-461B-9A45-F34F9F94F73B}.Release|Any CPU.Build.0 = Release|Any CPU
	EndGlobalSection
	GlobalSection(SolutionProperties) = preSolution
		HideSolutionNode = FALSE
	EndGlobalSection
	GlobalSection(ExtensibilityGlobals) = postSolution
		SolutionGuid = {58A5941F-C217-48EA-B894-E622D13CFF9C}
	EndGlobalSection
EndGlobal
