
Microsoft Visual Studio Solution File, Format Version 12.00
# Visual Studio Version 16
VisualStudioVersion = 16.0.29409.12
MinimumVisualStudioVersion = 10.0.40219.1
Project("{FAE04EC0-301F-11D3-BF4B-00C04F79EFBC}") = "CarManufacturer", "CarManufacturer\CarManufacturer.csproj", "{5A92DC8B-D47E-4C91-A50E-F1A72DDD8013}"
EndProject
Global
	GlobalSection(SolutionConfigurationPlatforms) = preSolution
		Debug|Any CPU = Debug|Any CPU
		Release|Any CPU = Release|Any CPU
	EndGlobalSection
	GlobalSection(ProjectConfigurationPlatforms) = postSolution
		{5A92DC8B-D47E-4C91-A50E-F1A72DDD8013}.Debug|Any CPU.ActiveCfg = Debug|Any CPU
		{5A92DC8B-D47E-4C91-A50E-F1A72DDD8013}.Debug|Any CPU.Build.0 = Debug|Any CPU
		{5A92DC8B-D47E-4C91-A50E-F1A72DDD8013}.Release|Any CPU.ActiveCfg = Release|Any CPU
		{5A92DC8B-D47E-4C91-A50E-F1A72DDD8013}.Release|Any CPU.Build.0 = Release|Any CPU
	EndGlobalSection
	GlobalSection(SolutionProperties) = preSolution
		HideSolutionNode = FALSE
	EndGlobalSection
	GlobalSection(ExtensibilityGlobals) = postSolution
		SolutionGuid = {781CA1F0-C9EF-4697-AC9E-D38E71430E86}
	EndGlobalSection
EndGlobal
