
Microsoft Visual Studio Solution File, Format Version 12.00
# Visual Studio Version 16
VisualStudioVersion = 16.0.29503.13
MinimumVisualStudioVersion = 10.0.40219.1
Project("{9A19103F-16F7-4668-BE54-9A1E7A4F7556}") = "Farm", "Farm\Farm.csproj", "{7EE12E99-B7FE-400B-842A-512454B0DBD4}"
EndProject
Project("{9A19103F-16F7-4668-BE54-9A1E7A4F7556}") = "CustomRandomList", "CustomRandomList\CustomRandomList.csproj", "{5681C2FE-8BDF-4C50-994F-29ADC7125572}"
EndProject
Project("{FAE04EC0-301F-11D3-BF4B-00C04F79EFBC}") = "CustomStack", "CustomStack\CustomStack.csproj", "{EAF5E331-3813-412B-B857-DA52BAD9AEB1}"
EndProject
Global
	GlobalSection(SolutionConfigurationPlatforms) = preSolution
		Debug|Any CPU = Debug|Any CPU
		Release|Any CPU = Release|Any CPU
	EndGlobalSection
	GlobalSection(ProjectConfigurationPlatforms) = postSolution
		{7EE12E99-B7FE-400B-842A-512454B0DBD4}.Debug|Any CPU.ActiveCfg = Debug|Any CPU
		{7EE12E99-B7FE-400B-842A-512454B0DBD4}.Debug|Any CPU.Build.0 = Debug|Any CPU
		{7EE12E99-B7FE-400B-842A-512454B0DBD4}.Release|Any CPU.ActiveCfg = Release|Any CPU
		{7EE12E99-B7FE-400B-842A-512454B0DBD4}.Release|Any CPU.Build.0 = Release|Any CPU
		{5681C2FE-8BDF-4C50-994F-29ADC7125572}.Debug|Any CPU.ActiveCfg = Debug|Any CPU
		{5681C2FE-8BDF-4C50-994F-29ADC7125572}.Debug|Any CPU.Build.0 = Debug|Any CPU
		{5681C2FE-8BDF-4C50-994F-29ADC7125572}.Release|Any CPU.ActiveCfg = Release|Any CPU
		{5681C2FE-8BDF-4C50-994F-29ADC7125572}.Release|Any CPU.Build.0 = Release|Any CPU
		{EAF5E331-3813-412B-B857-DA52BAD9AEB1}.Debug|Any CPU.ActiveCfg = Debug|Any CPU
		{EAF5E331-3813-412B-B857-DA52BAD9AEB1}.Debug|Any CPU.Build.0 = Debug|Any CPU
		{EAF5E331-3813-412B-B857-DA52BAD9AEB1}.Release|Any CPU.ActiveCfg = Release|Any CPU
		{EAF5E331-3813-412B-B857-DA52BAD9AEB1}.Release|Any CPU.Build.0 = Release|Any CPU
	EndGlobalSection
	GlobalSection(SolutionProperties) = preSolution
		HideSolutionNode = FALSE
	EndGlobalSection
	GlobalSection(ExtensibilityGlobals) = postSolution
		SolutionGuid = {AF6358D8-B127-4688-82FB-7493F6FDB58E}
	EndGlobalSection
EndGlobal
